
Microsoft Visual Studio Solution File, Format Version 12.00
# Visual Studio 2012
Project("{FAE04EC0-301F-11D3-BF4B-00C04F79EFBC}") = "Chess", "Chess\Chess.csproj", "{EC66E49D-1CAA-498C-A24F-B0D656A89C3D}"
EndProject
Project("{FAE04EC0-301F-11D3-BF4B-00C04F79EFBC}") = "WinChess", "WinChess\WinChess.csproj", "{3A0DBBA9-D156-4D0E-8A8E-ADB5A65B610D}"
EndProject
Project("{FAE04EC0-301F-11D3-BF4B-00C04F79EFBC}") = "WpfChess", "WpfChess\WpfChess.csproj", "{7C553225-A04D-4499-A693-57FC9B5EA7F7}"
EndProject
Project("{FAE04EC0-301F-11D3-BF4B-00C04F79EFBC}") = "WcfChess", "WcfChess\WcfChess.csproj", "{87B5C4DD-8998-4EFD-A877-4A787B205546}"
EndProject
Project("{FAE04EC0-301F-11D3-BF4B-00C04F79EFBC}") = "WebChess", "WebChess\WebChess.csproj", "{3D781C0D-8419-405A-B3C1-F232C5D4FEED}"
EndProject
Global
	GlobalSection(SolutionConfigurationPlatforms) = preSolution
		Debug|Any CPU = Debug|Any CPU
		Debug|Mixed Platforms = Debug|Mixed Platforms
		Debug|x86 = Debug|x86
		Release|Any CPU = Release|Any CPU
		Release|Mixed Platforms = Release|Mixed Platforms
		Release|x86 = Release|x86
	EndGlobalSection
	GlobalSection(ProjectConfigurationPlatforms) = postSolution
		{EC66E49D-1CAA-498C-A24F-B0D656A89C3D}.Debug|Any CPU.ActiveCfg = Debug|Any CPU
		{EC66E49D-1CAA-498C-A24F-B0D656A89C3D}.Debug|Any CPU.Build.0 = Debug|Any CPU
		{EC66E49D-1CAA-498C-A24F-B0D656A89C3D}.Debug|Mixed Platforms.ActiveCfg = Debug|Any CPU
		{EC66E49D-1CAA-498C-A24F-B0D656A89C3D}.Debug|Mixed Platforms.Build.0 = Debug|Any CPU
		{EC66E49D-1CAA-498C-A24F-B0D656A89C3D}.Debug|x86.ActiveCfg = Debug|Any CPU
		{EC66E49D-1CAA-498C-A24F-B0D656A89C3D}.Release|Any CPU.ActiveCfg = Release|Any CPU
		{EC66E49D-1CAA-498C-A24F-B0D656A89C3D}.Release|Any CPU.Build.0 = Release|Any CPU
		{EC66E49D-1CAA-498C-A24F-B0D656A89C3D}.Release|Mixed Platforms.ActiveCfg = Release|Any CPU
		{EC66E49D-1CAA-498C-A24F-B0D656A89C3D}.Release|Mixed Platforms.Build.0 = Release|Any CPU
		{EC66E49D-1CAA-498C-A24F-B0D656A89C3D}.Release|x86.ActiveCfg = Release|Any CPU
		{3A0DBBA9-D156-4D0E-8A8E-ADB5A65B610D}.Debug|Any CPU.ActiveCfg = Debug|Any CPU
		{3A0DBBA9-D156-4D0E-8A8E-ADB5A65B610D}.Debug|Any CPU.Build.0 = Debug|Any CPU
		{3A0DBBA9-D156-4D0E-8A8E-ADB5A65B610D}.Debug|Mixed Platforms.ActiveCfg = Debug|Any CPU
		{3A0DBBA9-D156-4D0E-8A8E-ADB5A65B610D}.Debug|Mixed Platforms.Build.0 = Debug|Any CPU
		{3A0DBBA9-D156-4D0E-8A8E-ADB5A65B610D}.Debug|x86.ActiveCfg = Debug|Any CPU
		{3A0DBBA9-D156-4D0E-8A8E-ADB5A65B610D}.Release|Any CPU.ActiveCfg = Release|Any CPU
		{3A0DBBA9-D156-4D0E-8A8E-ADB5A65B610D}.Release|Any CPU.Build.0 = Release|Any CPU
		{3A0DBBA9-D156-4D0E-8A8E-ADB5A65B610D}.Release|Mixed Platforms.ActiveCfg = Release|Any CPU
		{3A0DBBA9-D156-4D0E-8A8E-ADB5A65B610D}.Release|Mixed Platforms.Build.0 = Release|Any CPU
		{3A0DBBA9-D156-4D0E-8A8E-ADB5A65B610D}.Release|x86.ActiveCfg = Release|Any CPU
		{7C553225-A04D-4499-A693-57FC9B5EA7F7}.Debug|Any CPU.ActiveCfg = Debug|x86
		{7C553225-A04D-4499-A693-57FC9B5EA7F7}.Debug|Mixed Platforms.ActiveCfg = Debug|x86
		{7C553225-A04D-4499-A693-57FC9B5EA7F7}.Debug|Mixed Platforms.Build.0 = Debug|x86
		{7C553225-A04D-4499-A693-57FC9B5EA7F7}.Debug|x86.ActiveCfg = Debug|x86
		{7C553225-A04D-4499-A693-57FC9B5EA7F7}.Debug|x86.Build.0 = Debug|x86
		{7C553225-A04D-4499-A693-57FC9B5EA7F7}.Release|Any CPU.ActiveCfg = Release|x86
		{7C553225-A04D-4499-A693-57FC9B5EA7F7}.Release|Mixed Platforms.ActiveCfg = Release|x86
		{7C553225-A04D-4499-A693-57FC9B5EA7F7}.Release|Mixed Platforms.Build.0 = Release|x86
		{7C553225-A04D-4499-A693-57FC9B5EA7F7}.Release|x86.ActiveCfg = Release|x86
		{7C553225-A04D-4499-A693-57FC9B5EA7F7}.Release|x86.Build.0 = Release|x86
		{87B5C4DD-8998-4EFD-A877-4A787B205546}.Debug|Any CPU.ActiveCfg = Debug|Any CPU
		{87B5C4DD-8998-4EFD-A877-4A787B205546}.Debug|Any CPU.Build.0 = Debug|Any CPU
		{87B5C4DD-8998-4EFD-A877-4A787B205546}.Debug|Mixed Platforms.ActiveCfg = Debug|Any CPU
		{87B5C4DD-8998-4EFD-A877-4A787B205546}.Debug|Mixed Platforms.Build.0 = Debug|Any CPU
		{87B5C4DD-8998-4EFD-A877-4A787B205546}.Debug|x86.ActiveCfg = Debug|Any CPU
		{87B5C4DD-8998-4EFD-A877-4A787B205546}.Release|Any CPU.ActiveCfg = Release|Any CPU
		{87B5C4DD-8998-4EFD-A877-4A787B205546}.Release|Any CPU.Build.0 = Release|Any CPU
		{87B5C4DD-8998-4EFD-A877-4A787B205546}.Release|Mixed Platforms.ActiveCfg = Release|Any CPU
		{87B5C4DD-8998-4EFD-A877-4A787B205546}.Release|Mixed Platforms.Build.0 = Release|Any CPU
		{87B5C4DD-8998-4EFD-A877-4A787B205546}.Release|x86.ActiveCfg = Release|Any CPU
		{3D781C0D-8419-405A-B3C1-F232C5D4FEED}.Debug|Any CPU.ActiveCfg = Debug|Any CPU
		{3D781C0D-8419-405A-B3C1-F232C5D4FEED}.Debug|Any CPU.Build.0 = Debug|Any CPU
		{3D781C0D-8419-405A-B3C1-F232C5D4FEED}.Debug|Mixed Platforms.ActiveCfg = Debug|Any CPU
		{3D781C0D-8419-405A-B3C1-F232C5D4FEED}.Debug|Mixed Platforms.Build.0 = Debug|Any CPU
		{3D781C0D-8419-405A-B3C1-F232C5D4FEED}.Debug|x86.ActiveCfg = Debug|Any CPU
		{3D781C0D-8419-405A-B3C1-F232C5D4FEED}.Release|Any CPU.ActiveCfg = Release|Any CPU
		{3D781C0D-8419-405A-B3C1-F232C5D4FEED}.Release|Any CPU.Build.0 = Release|Any CPU
		{3D781C0D-8419-405A-B3C1-F232C5D4FEED}.Release|Mixed Platforms.ActiveCfg = Release|Any CPU
		{3D781C0D-8419-405A-B3C1-F232C5D4FEED}.Release|Mixed Platforms.Build.0 = Release|Any CPU
		{3D781C0D-8419-405A-B3C1-F232C5D4FEED}.Release|x86.ActiveCfg = Release|Any CPU
	EndGlobalSection
	GlobalSection(SolutionProperties) = preSolution
		HideSolutionNode = FALSE
	EndGlobalSection
EndGlobal
